// !$*UTF8*$!
{
	archiveVersion = 1;
	classes = {
	};
	objectVersion = 55;
	objects = {

/* Begin PBXBuildFile section */
		7FE1FC8727FF135300FFB59A /* AppDelegate.swift in Sources */ = {isa = PBXBuildFile; fileRef = 7FE1FC8627FF135300FFB59A /* AppDelegate.swift */; };
		7FE1FC8927FF135300FFB59A /* SceneDelegate.swift in Sources */ = {isa = PBXBuildFile; fileRef = 7FE1FC8827FF135300FFB59A /* SceneDelegate.swift */; };
		7FE1FC8B27FF135300FFB59A /* CollectionViewController.swift in Sources */ = {isa = PBXBuildFile; fileRef = 7FE1FC8A27FF135300FFB59A /* CollectionViewController.swift */; };
		7FE1FC8E27FF135300FFB59A /* Main.storyboard in Resources */ = {isa = PBXBuildFile; fileRef = 7FE1FC8C27FF135300FFB59A /* Main.storyboard */; };
		7FE1FC9027FF135600FFB59A /* Assets.xcassets in Resources */ = {isa = PBXBuildFile; fileRef = 7FE1FC8F27FF135600FFB59A /* Assets.xcassets */; };
		7FE1FC9327FF135600FFB59A /* LaunchScreen.storyboard in Resources */ = {isa = PBXBuildFile; fileRef = 7FE1FC9127FF135600FFB59A /* LaunchScreen.storyboard */; };
		7FE1FC9B2801951900FFB59A /* ContentViewController.swift in Sources */ = {isa = PBXBuildFile; fileRef = 7FE1FC9A2801951900FFB59A /* ContentViewController.swift */; };
		7FE1FC9D2805A3A800FFB59A /* CollectionCell.swift in Sources */ = {isa = PBXBuildFile; fileRef = 7FE1FC9C2805A3A800FFB59A /* CollectionCell.swift */; };
		7FE1FC9F280809B900FFB59A /* GradientImageView.swift in Sources */ = {isa = PBXBuildFile; fileRef = 7FE1FC9E280809B900FFB59A /* GradientImageView.swift */; };
		7FE1FCA128081B2C00FFB59A /* HeaderContentVCCell.swift in Sources */ = {isa = PBXBuildFile; fileRef = 7FE1FCA028081B2C00FFB59A /* HeaderContentVCCell.swift */; };
		7FE1FCA328094EA600FFB59A /* StoryContentVCCell.swift in Sources */ = {isa = PBXBuildFile; fileRef = 7FE1FCA228094EA500FFB59A /* StoryContentVCCell.swift */; };
		7FE1FCA7280953D900FFB59A /* GalleryContentVCCell.swift in Sources */ = {isa = PBXBuildFile; fileRef = 7FE1FCA6280953D900FFB59A /* GalleryContentVCCell.swift */; };
/* End PBXBuildFile section */

/* Begin PBXFileReference section */
		7FE1FC8327FF135300FFB59A /* Collection.app */ = {isa = PBXFileReference; explicitFileType = wrapper.application; includeInIndex = 0; path = Collection.app; sourceTree = BUILT_PRODUCTS_DIR; };
		7FE1FC8627FF135300FFB59A /* AppDelegate.swift */ = {isa = PBXFileReference; lastKnownFileType = sourcecode.swift; path = AppDelegate.swift; sourceTree = "<group>"; };
		7FE1FC8827FF135300FFB59A /* SceneDelegate.swift */ = {isa = PBXFileReference; lastKnownFileType = sourcecode.swift; path = SceneDelegate.swift; sourceTree = "<group>"; };
		7FE1FC8A27FF135300FFB59A /* CollectionViewController.swift */ = {isa = PBXFileReference; lastKnownFileType = sourcecode.swift; path = CollectionViewController.swift; sourceTree = "<group>"; };
		7FE1FC8D27FF135300FFB59A /* Base */ = {isa = PBXFileReference; lastKnownFileType = file.storyboard; name = Base; path = Base.lproj/Main.storyboard; sourceTree = "<group>"; };
		7FE1FC8F27FF135600FFB59A /* Assets.xcassets */ = {isa = PBXFileReference; lastKnownFileType = folder.assetcatalog; path = Assets.xcassets; sourceTree = "<group>"; };
		7FE1FC9227FF135600FFB59A /* Base */ = {isa = PBXFileReference; lastKnownFileType = file.storyboard; name = Base; path = Base.lproj/LaunchScreen.storyboard; sourceTree = "<group>"; };
		7FE1FC9427FF135600FFB59A /* Info.plist */ = {isa = PBXFileReference; lastKnownFileType = text.plist.xml; path = Info.plist; sourceTree = "<group>"; };
		7FE1FC9A2801951900FFB59A /* ContentViewController.swift */ = {isa = PBXFileReference; lastKnownFileType = sourcecode.swift; path = ContentViewController.swift; sourceTree = "<group>"; };
		7FE1FC9C2805A3A800FFB59A /* CollectionCell.swift */ = {isa = PBXFileReference; lastKnownFileType = sourcecode.swift; path = CollectionCell.swift; sourceTree = "<group>"; };
		7FE1FC9E280809B900FFB59A /* GradientImageView.swift */ = {isa = PBXFileReference; lastKnownFileType = sourcecode.swift; path = GradientImageView.swift; sourceTree = "<group>"; };
		7FE1FCA028081B2C00FFB59A /* HeaderContentVCCell.swift */ = {isa = PBXFileReference; lastKnownFileType = sourcecode.swift; path = HeaderContentVCCell.swift; sourceTree = "<group>"; };
		7FE1FCA228094EA500FFB59A /* StoryContentVCCell.swift */ = {isa = PBXFileReference; lastKnownFileType = sourcecode.swift; path = StoryContentVCCell.swift; sourceTree = "<group>"; };
		7FE1FCA6280953D900FFB59A /* GalleryContentVCCell.swift */ = {isa = PBXFileReference; lastKnownFileType = sourcecode.swift; path = GalleryContentVCCell.swift; sourceTree = "<group>"; };
/* End PBXFileReference section */

/* Begin PBXFrameworksBuildPhase section */
		7FE1FC8027FF135300FFB59A /* Frameworks */ = {
			isa = PBXFrameworksBuildPhase;
			buildActionMask = 2147483647;
			files = (
			);
			runOnlyForDeploymentPostprocessing = 0;
		};
/* End PBXFrameworksBuildPhase section */

/* Begin PBXGroup section */
		7FE1FC7A27FF135300FFB59A = {
			isa = PBXGroup;
			children = (
				7FE1FC8527FF135300FFB59A /* Collection */,
				7FE1FC8427FF135300FFB59A /* Products */,
			);
			sourceTree = "<group>";
		};
		7FE1FC8427FF135300FFB59A /* Products */ = {
			isa = PBXGroup;
			children = (
				7FE1FC8327FF135300FFB59A /* Collection.app */,
			);
			name = Products;
			sourceTree = "<group>";
		};
		7FE1FC8527FF135300FFB59A /* Collection */ = {
			isa = PBXGroup;
			children = (
				7FE1FC8627FF135300FFB59A /* AppDelegate.swift */,
				7FE1FC8827FF135300FFB59A /* SceneDelegate.swift */,
				7FE1FC8A27FF135300FFB59A /* CollectionViewController.swift */,
				7FE1FC9A2801951900FFB59A /* ContentViewController.swift */,
				7FE1FC9C2805A3A800FFB59A /* CollectionCell.swift */,
				7FE1FCA028081B2C00FFB59A /* HeaderContentVCCell.swift */,
				7FE1FCA228094EA500FFB59A /* StoryContentVCCell.swift */,
				7FE1FCA6280953D900FFB59A /* GalleryContentVCCell.swift */,
				7FE1FC9E280809B900FFB59A /* GradientImageView.swift */,
				7FE1FC8C27FF135300FFB59A /* Main.storyboard */,
				7FE1FC8F27FF135600FFB59A /* Assets.xcassets */,
				7FE1FC9127FF135600FFB59A /* LaunchScreen.storyboard */,
				7FE1FC9427FF135600FFB59A /* Info.plist */,
			);
			path = Collection;
			sourceTree = "<group>";
		};
/* End PBXGroup section */

/* Begin PBXNativeTarget section */
		7FE1FC8227FF135300FFB59A /* Collection */ = {
			isa = PBXNativeTarget;
			buildConfigurationList = 7FE1FC9727FF135600FFB59A /* Build configuration list for PBXNativeTarget "Collection" */;
			buildPhases = (
				7FE1FC7F27FF135300FFB59A /* Sources */,
				7FE1FC8027FF135300FFB59A /* Frameworks */,
				7FE1FC8127FF135300FFB59A /* Resources */,
			);
			buildRules = (
			);
			dependencies = (
			);
			name = Collection;
			productName = Collection;
			productReference = 7FE1FC8327FF135300FFB59A /* Collection.app */;
			productType = "com.apple.product-type.application";
		};
/* End PBXNativeTarget section */

/* Begin PBXProject section */
		7FE1FC7B27FF135300FFB59A /* Project object */ = {
			isa = PBXProject;
			attributes = {
				BuildIndependentTargetsInParallel = 1;
				LastSwiftUpdateCheck = 1330;
				LastUpgradeCheck = 1330;
				TargetAttributes = {
					7FE1FC8227FF135300FFB59A = {
						CreatedOnToolsVersion = 13.3;
					};
				};
			};
			buildConfigurationList = 7FE1FC7E27FF135300FFB59A /* Build configuration list for PBXProject "Collection" */;
			compatibilityVersion = "Xcode 13.0";
			developmentRegion = en;
			hasScannedForEncodings = 0;
			knownRegions = (
				en,
				Base,
			);
			mainGroup = 7FE1FC7A27FF135300FFB59A;
			productRefGroup = 7FE1FC8427FF135300FFB59A /* Products */;
			projectDirPath = "";
			projectRoot = "";
			targets = (
				7FE1FC8227FF135300FFB59A /* Collection */,
			);
		};
/* End PBXProject section */

/* Begin PBXResourcesBuildPhase section */
		7FE1FC8127FF135300FFB59A /* Resources */ = {
			isa = PBXResourcesBuildPhase;
			buildActionMask = 2147483647;
			files = (
				7FE1FC9327FF135600FFB59A /* LaunchScreen.storyboard in Resources */,
				7FE1FC9027FF135600FFB59A /* Assets.xcassets in Resources */,
				7FE1FC8E27FF135300FFB59A /* Main.storyboard in Resources */,
			);
			runOnlyForDeploymentPostprocessing = 0;
		};
/* End PBXResourcesBuildPhase section */

/* Begin PBXSourcesBuildPhase section */
		7FE1FC7F27FF135300FFB59A /* Sources */ = {
			isa = PBXSourcesBuildPhase;
			buildActionMask = 2147483647;
			files = (
				7FE1FC9B2801951900FFB59A /* ContentViewController.swift in Sources */,
				7FE1FC8B27FF135300FFB59A /* CollectionViewController.swift in Sources */,
				7FE1FC8727FF135300FFB59A /* AppDelegate.swift in Sources */,
				7FE1FCA328094EA600FFB59A /* StoryContentVCCell.swift in Sources */,
				7FE1FC8927FF135300FFB59A /* SceneDelegate.swift in Sources */,
				7FE1FC9D2805A3A800FFB59A /* CollectionCell.swift in Sources */,
				7FE1FCA7280953D900FFB59A /* GalleryContentVCCell.swift in Sources */,
				7FE1FCA128081B2C00FFB59A /* HeaderContentVCCell.swift in Sources */,
				7FE1FC9F280809B900FFB59A /* GradientImageView.swift in Sources */,
			);
			runOnlyForDeploymentPostprocessing = 0;
		};
/* End PBXSourcesBuildPhase section */

/* Begin PBXVariantGroup section */
		7FE1FC8C27FF135300FFB59A /* Main.storyboard */ = {
			isa = PBXVariantGroup;
			children = (
				7FE1FC8D27FF135300FFB59A /* Base */,
			);
			name = Main.storyboard;
			sourceTree = "<group>";
		};
		7FE1FC9127FF135600FFB59A /* LaunchScreen.storyboard */ = {
			isa = PBXVariantGroup;
			children = (
				7FE1FC9227FF135600FFB59A /* Base */,
			);
			name = LaunchScreen.storyboard;
			sourceTree = "<group>";
		};
/* End PBXVariantGroup section */

/* Begin XCBuildConfiguration section */
		7FE1FC9527FF135600FFB59A /* Debug */ = {
			isa = XCBuildConfiguration;
			buildSettings = {
				ALWAYS_SEARCH_USER_PATHS = NO;
				CLANG_ANALYZER_NONNULL = YES;
				CLANG_ANALYZER_NUMBER_OBJECT_CONVERSION = YES_AGGRESSIVE;
				CLANG_CXX_LANGUAGE_STANDARD = "gnu++17";
				CLANG_ENABLE_MODULES = YES;
				CLANG_ENABLE_OBJC_ARC = YES;
				CLANG_ENABLE_OBJC_WEAK = YES;
				CLANG_WARN_BLOCK_CAPTURE_AUTORELEASING = YES;
				CLANG_WARN_BOOL_CONVERSION = YES;
				CLANG_WARN_COMMA = YES;
				CLANG_WARN_CONSTANT_CONVERSION = YES;
				CLANG_WARN_DEPRECATED_OBJC_IMPLEMENTATIONS = YES;
				CLANG_WARN_DIRECT_OBJC_ISA_USAGE = YES_ERROR;
				CLANG_WARN_DOCUMENTATION_COMMENTS = YES;
				CLANG_WARN_EMPTY_BODY = YES;
				CLANG_WARN_ENUM_CONVERSION = YES;
				CLANG_WARN_INFINITE_RECURSION = YES;
				CLANG_WARN_INT_CONVERSION = YES;
				CLANG_WARN_NON_LITERAL_NULL_CONVERSION = YES;
				CLANG_WARN_OBJC_IMPLICIT_RETAIN_SELF = YES;
				CLANG_WARN_OBJC_LITERAL_CONVERSION = YES;
				CLANG_WARN_OBJC_ROOT_CLASS = YES_ERROR;
				CLANG_WARN_QUOTED_INCLUDE_IN_FRAMEWORK_HEADER = YES;
				CLANG_WARN_RANGE_LOOP_ANALYSIS = YES;
				CLANG_WARN_STRICT_PROTOTYPES = YES;
				CLANG_WARN_SUSPICIOUS_MOVE = YES;
				CLANG_WARN_UNGUARDED_AVAILABILITY = YES_AGGRESSIVE;
				CLANG_WARN_UNREACHABLE_CODE = YES;
				CLANG_WARN__DUPLICATE_METHOD_MATCH = YES;
				COPY_PHASE_STRIP = NO;
				DEBUG_INFORMATION_FORMAT = dwarf;
				ENABLE_STRICT_OBJC_MSGSEND = YES;
				ENABLE_TESTABILITY = YES;
				GCC_C_LANGUAGE_STANDARD = gnu11;
				GCC_DYNAMIC_NO_PIC = NO;
				GCC_NO_COMMON_BLOCKS = YES;
				GCC_OPTIMIZATION_LEVEL = 0;
				GCC_PREPROCESSOR_DEFINITIONS = (
					"DEBUG=1",
					"$(inherited)",
				);
				GCC_WARN_64_TO_32_BIT_CONVERSION = YES;
				GCC_WARN_ABOUT_RETURN_TYPE = YES_ERROR;
				GCC_WARN_UNDECLARED_SELECTOR = YES;
				GCC_WARN_UNINITIALIZED_AUTOS = YES_AGGRESSIVE;
				GCC_WARN_UNUSED_FUNCTION = YES;
				GCC_WARN_UNUSED_VARIABLE = YES;
				IPHONEOS_DEPLOYMENT_TARGET = 15.4;
				MTL_ENABLE_DEBUG_INFO = INCLUDE_SOURCE;
				MTL_FAST_MATH = YES;
				ONLY_ACTIVE_ARCH = YES;
				SDKROOT = iphoneos;
				SWIFT_ACTIVE_COMPILATION_CONDITIONS = DEBUG;
				SWIFT_OPTIMIZATION_LEVEL = "-Onone";
			};
			name = Debug;
		};
		7FE1FC9627FF135600FFB59A /* Release */ = {
			isa = XCBuildConfiguration;
			buildSettings = {
				ALWAYS_SEARCH_USER_PATHS = NO;
				CLANG_ANALYZER_NONNULL = YES;
				CLANG_ANALYZER_NUMBER_OBJECT_CONVERSION = YES_AGGRESSIVE;
				CLANG_CXX_LANGUAGE_STANDARD = "gnu++17";
				CLANG_ENABLE_MODULES = YES;
				CLANG_ENABLE_OBJC_ARC = YES;
				CLANG_ENABLE_OBJC_WEAK = YES;
				CLANG_WARN_BLOCK_CAPTURE_AUTORELEASING = YES;
				CLANG_WARN_BOOL_CONVERSION = YES;
				CLANG_WARN_COMMA = YES;
				CLANG_WARN_CONSTANT_CONVERSION = YES;
				CLANG_WARN_DEPRECATED_OBJC_IMPLEMENTATIONS = YES;
				CLANG_WARN_DIRECT_OBJC_ISA_USAGE = YES_ERROR;
				CLANG_WARN_DOCUMENTATION_COMMENTS = YES;
				CLANG_WARN_EMPTY_BODY = YES;
				CLANG_WARN_ENUM_CONVERSION = YES;
				CLANG_WARN_INFINITE_RECURSION = YES;
				CLANG_WARN_INT_CONVERSION = YES;
				CLANG_WARN_NON_LITERAL_NULL_CONVERSION = YES;
				CLANG_WARN_OBJC_IMPLICIT_RETAIN_SELF = YES;
				CLANG_WARN_OBJC_LITERAL_CONVERSION = YES;
				CLANG_WARN_OBJC_ROOT_CLASS = YES_ERROR;
				CLANG_WARN_QUOTED_INCLUDE_IN_FRAMEWORK_HEADER = YES;
				CLANG_WARN_RANGE_LOOP_ANALYSIS = YES;
				CLANG_WARN_STRICT_PROTOTYPES = YES;
				CLANG_WARN_SUSPICIOUS_MOVE = YES;
				CLANG_WARN_UNGUARDED_AVAILABILITY = YES_AGGRESSIVE;
				CLANG_WARN_UNREACHABLE_CODE = YES;
				CLANG_WARN__DUPLICATE_METHOD_MATCH = YES;
				COPY_PHASE_STRIP = NO;
				DEBUG_INFORMATION_FORMAT = "dwarf-with-dsym";
				ENABLE_NS_ASSERTIONS = NO;
				ENABLE_STRICT_OBJC_MSGSEND = YES;
				GCC_C_LANGUAGE_STANDARD = gnu11;
				GCC_NO_COMMON_BLOCKS = YES;
				GCC_WARN_64_TO_32_BIT_CONVERSION = YES;
				GCC_WARN_ABOUT_RETURN_TYPE = YES_ERROR;
				GCC_WARN_UNDECLARED_SELECTOR = YES;
				GCC_WARN_UNINITIALIZED_AUTOS = YES_AGGRESSIVE;
				GCC_WARN_UNUSED_FUNCTION = YES;
				GCC_WARN_UNUSED_VARIABLE = YES;
				IPHONEOS_DEPLOYMENT_TARGET = 15.4;
				MTL_ENABLE_DEBUG_INFO = NO;
				MTL_FAST_MATH = YES;
				SDKROOT = iphoneos;
				SWIFT_COMPILATION_MODE = wholemodule;
				SWIFT_OPTIMIZATION_LEVEL = "-O";
				VALIDATE_PRODUCT = YES;
			};
			name = Release;
		};
		7FE1FC9827FF135600FFB59A /* Debug */ = {
			isa = XCBuildConfiguration;
			buildSettings = {
				ASSETCATALOG_COMPILER_APPICON_NAME = AppIcon;
				ASSETCATALOG_COMPILER_GLOBAL_ACCENT_COLOR_NAME = AccentColor;
				CODE_SIGN_STYLE = Automatic;
				CURRENT_PROJECT_VERSION = 1;
				DEVELOPMENT_TEAM = UKNXQLTTMT;
				GENERATE_INFOPLIST_FILE = YES;
				INFOPLIST_FILE = Collection/Info.plist;
				INFOPLIST_KEY_UIApplicationSupportsIndirectInputEvents = YES;
				INFOPLIST_KEY_UILaunchStoryboardName = LaunchScreen;
				INFOPLIST_KEY_UISupportedInterfaceOrientations = "UIInterfaceOrientationPortrait UIInterfaceOrientationLandscapeLeft UIInterfaceOrientationLandscapeRight";
				INFOPLIST_KEY_UISupportedInterfaceOrientations_iPad = "UIInterfaceOrientationPortrait UIInterfaceOrientationPortraitUpsideDown UIInterfaceOrientationLandscapeLeft UIInterfaceOrientationLandscapeRight";
				INFOPLIST_KEY_UISupportedInterfaceOrientations_iPhone = "UIInterfaceOrientationPortrait UIInterfaceOrientationLandscapeLeft UIInterfaceOrientationLandscapeRight";
				IPHONEOS_DEPLOYMENT_TARGET = 12.4;
				LD_RUNPATH_SEARCH_PATHS = (
					"$(inherited)",
					"@executable_path/Frameworks",
				);
				MARKETING_VERSION = 1.0;
				PRODUCT_BUNDLE_IDENTIFIER = andandrew.Collection;
				PRODUCT_NAME = "$(TARGET_NAME)";
				SWIFT_EMIT_LOC_STRINGS = YES;
				SWIFT_VERSION = 5.0;
				TARGETED_DEVICE_FAMILY = 1;
			};
			name = Debug;
		};
		7FE1FC9927FF135600FFB59A /* Release */ = {
			isa = XCBuildConfiguration;
			buildSettings = {
				ASSETCATALOG_COMPILER_APPICON_NAME = AppIcon;
				ASSETCATALOG_COMPILER_GLOBAL_ACCENT_COLOR_NAME = AccentColor;
				CODE_SIGN_STYLE = Automatic;
				CURRENT_PROJECT_VERSION = 1;
				DEVELOPMENT_TEAM = UKNXQLTTMT;
				GENERATE_INFOPLIST_FILE = YES;
				INFOPLIST_FILE = Collection/Info.plist;
				INFOPLIST_KEY_UIApplicationSupportsIndirectInputEvents = YES;
				INFOPLIST_KEY_UILaunchStoryboardName = LaunchScreen;
				INFOPLIST_KEY_UISupportedInterfaceOrientations = "UIInterfaceOrientationPortrait UIInterfaceOrientationLandscapeLeft UIInterfaceOrientationLandscapeRight";
				INFOPLIST_KEY_UISupportedInterfaceOrientations_iPad = "UIInterfaceOrientationPortrait UIInterfaceOrientationPortraitUpsideDown UIInterfaceOrientationLandscapeLeft UIInterfaceOrientationLandscapeRight";
				INFOPLIST_KEY_UISupportedInterfaceOrientations_iPhone = "UIInterfaceOrientationPortrait UIInterfaceOrientationLandscapeLeft UIInterfaceOrientationLandscapeRight";
				IPHONEOS_DEPLOYMENT_TARGET = 12.4;
				LD_RUNPATH_SEARCH_PATHS = (
					"$(inherited)",
					"@executable_path/Frameworks",
				);
				MARKETING_VERSION = 1.0;
				PRODUCT_BUNDLE_IDENTIFIER = andandrew.Collection;
				PRODUCT_NAME = "$(TARGET_NAME)";
				SWIFT_EMIT_LOC_STRINGS = YES;
				SWIFT_VERSION = 5.0;
				TARGETED_DEVICE_FAMILY = 1;
			};
			name = Release;
		};
/* End XCBuildConfiguration section */

/* Begin XCConfigurationList section */
		7FE1FC7E27FF135300FFB59A /* Build configuration list for PBXProject "Collection" */ = {
			isa = XCConfigurationList;
			buildConfigurations = (
				7FE1FC9527FF135600FFB59A /* Debug */,
				7FE1FC9627FF135600FFB59A /* Release */,
			);
			defaultConfigurationIsVisible = 0;
			defaultConfigurationName = Release;
		};
		7FE1FC9727FF135600FFB59A /* Build configuration list for PBXNativeTarget "Collection" */ = {
			isa = XCConfigurationList;
			buildConfigurations = (
				7FE1FC9827FF135600FFB59A /* Debug */,
				7FE1FC9927FF135600FFB59A /* Release */,
			);
			defaultConfigurationIsVisible = 0;
			defaultConfigurationName = Release;
		};
/* End XCConfigurationList section */
	};
	rootObject = 7FE1FC7B27FF135300FFB59A /* Project object */;
}
